{
    "_meta": {
        "hash": {
            "sha256": "3f44ab6b2c35be33bc9390bb01e54edc9f962f22bc19d5f2b7749cb837e157e5"
        },
        "pipfile-spec": 6,
        "requires": {
            "python_version": "3.7"
        },
        "sources": [
            {
                "name": "pypi",
                "url": "https://pypi.org/simple",
                "verify_ssl": true
            }
        ]
    },
    "default": {
        "certifi": {
            "hashes": [
                "sha256:017c25db2a153ce562900032d5bc68e9f191e44e9a0f762f373977de9df1fbb3",
                "sha256:25b64c7da4cd7479594d035c08c2d809eb4aab3a26e5a990ea98cc450c320f1f"
            ],
            "index": "pypi",
            "version": "==2019.11.28"
        },
        "chardet": {
            "hashes": [
                "sha256:84ab92ed1c4d4f16916e05906b6b75a6c0fb5db821cc65e70cbd64a3e2a5eaae",
                "sha256:fc323ffcaeaed0e0a02bf4d117757b98aed530d9ed4531e3e15460124c106691"
            ],
            "index": "pypi",
            "version": "==3.0.4"
        },
        "docutils": {
            "hashes": [
                "sha256:0c5b78adfbf7762415433f5515cd5c9e762339e23369dbe8000d84a4bf4ab3af",
                "sha256:c2de3a60e9e7d07be26b7f2b00ca0309c207e06c100f9cc2a94931fc75a478fc"
            ],
            "index": "pypi",
            "version": "==0.16"
        },
        "idna": {
            "hashes": [
                "sha256:c357b3f628cf53ae2c4c05627ecc484553142ca23264e593d327bcde5e9c3407",
                "sha256:ea8b7f6188e6fa117537c3df7da9fc686d485087abf6ac197f9c46432f7e4a3c"
            ],
            "index": "pypi",
            "version": "==2.8"
        },
        "kivy": {
            "hashes": [
                "sha256:090d3ded9835a17477cd93fbdaf0a7c42ff2218981cf198ded5ad8795bc74391",
                "sha256:11e85eaf6efbfa2362a3334ffdad179a1b0ca8d255cca79eaa6a2765560d4982",
                "sha256:1a1ff32f8a95f1e175198cbab81fcd2596783b180d4eafe63e87d171aa7fdb5e",
                "sha256:1d28b198a64c30db8d94a0488e85f3037af60d514ab0d7ad5ab45add3ab77090",
                "sha256:4a5480cbf837d3780c77a4f61b32b56d22ae9f03845e7a89dd3eaef1ae5fd037",
                "sha256:4d0e596f74271e901b551f77661dde238df4765484fce9f5d1c72e8022984e84",
                "sha256:5c3d0f2749522d62e9cce09cd54b2d823bf1b6b644ff1f627be49de6f3e3cba0",
                "sha256:815a5c0b3b72fcd81ca7b2aa0744087163ed03e4cf9ab4e7c9733cea99fc1571",
                "sha256:8819a27a09871af451760cb69486ced52e830c8a0a37480f22ef5e692f12c05b",
                "sha256:a687602d90c4629dd036f577ca39acb76ba581370f9d915f3cab99be818ba8ad",
                "sha256:b7ef6aad43a86d8df3fb865db864e354f2155a748019f8517f69f65c1a29cb64",
                "sha256:b85ccf165050cbf2ee8447671eebbc222b369b40f0e0038dd9547d49a5e37373",
                "sha256:c36652caa7f6c327dee834cfc699d5962d346b7a53e54bd81abc17c314226d89",
                "sha256:ece170514db3f49844a41e4c910ad9ce9bc46da6f47a49158e11266bdcc6e479",
                "sha256:f3bea6e4a21991827885d04127fc6d09a0e974ecfa12da7bf5faae93562ea102",
                "sha256:f835462dd9aa491272552ef079b948a088598e2e95d68bb1d885d2c3f3d4e2c3"
            ],
            "index": "pypi",
            "version": "==1.11.1"
        },
        "kivy-deps.glew": {
            "hashes": [
                "sha256:09f72ee5ef33ff273332e2a229dc97d650d29818a0189339421949e4e0f63d93",
                "sha256:1e28e40017af9d081fc0fc95b4fadaf31d15e9f63478dcee1c4257d67079894e",
                "sha256:45aa7f0e8d9bcf5fc1810c9c38bc20edf7dee61df81ecf62102e0f84153f924a",
                "sha256:6bb435620c3187d2c61054adb9ec277ed487256b457a0a7b1491bc0cb7247e18",
                "sha256:92e72fa2c425887987d1aa861c99537033dc20d68ae1c54864871f0401682586",
                "sha256:ab81783a82bef88a8d2bcf8a93bc21df6b8b0db6ee551eb802727d18f9074b17",
                "sha256:c843104690c0c8f3a58105c53c57f31506f6f90562c18de00bd19317cc1045a7",
                "sha256:cf351aad171796f8051af8e49ec430a9aa128d8557d8643e73f2bb1e5f9c2dab",
                "sha256:ee8ab67abb2c98d84feede657cae472e7723e529af07394244bdd33caafb1a38",
                "sha256:ef1116d99bd9cc737cb8c0e13e676955c17d6e4d6d1af5cfccef089a430071bb"
            ],
            "index": "pypi",
            "version": "==0.1.12"
        },
        "kivy-deps.sdl2": {
            "hashes": [
                "sha256:26fc22b3b81108b3884a0ab6f16b02e994f0b988d1741198872f94e701656f13",
                "sha256:279cba34c8084e81908a5339c35420a20cac68f21b136caa110661c60054042b",
                "sha256:2ddad419c6fdc040b78a654218dbffeb61e83b860607e7feaf3e40c00c3e253b",
                "sha256:3473d59b9a02f942432a04664bf2e8170e755056b5e1279dc7471723145c6649",
                "sha256:4deb64ce22ad480d0802483841a81562f5c5df101b268b0dde7bf85518cf38fd",
                "sha256:879db11eb3999b4682a6f2458a8741a99dfd6b977266e4333f539084d08f4bd9",
                "sha256:8c0d381f01e5336a9dcd0bfe33b5a4be69464b69248b57e44740b3f365bc13e6",
                "sha256:da37157b6aaf658053445519d63bd586aceb0d256183481961e33d7eee4697eb"
            ],
            "index": "pypi",
            "version": "==0.1.23"
        },
        "kivy-garden": {
            "hashes": [
                "sha256:c256f42788421273a08fbb0a228f0fb0e80dd86b629fb8c0920507f645be6c72"
            ],
            "index": "pypi",
            "version": "==0.1.4"
        },
        "pygments": {
            "hashes": [
                "sha256:2a3fe295e54a20164a9df49c75fa58526d3be48e14aceba6d6b1e8ac0bfd6f1b",
                "sha256:98c8aa5a9f778fcd1026a17361ddaf7330d1b7c62ae97c3bb0ae73e0b9b6b0fe"
            ],
            "index": "pypi",
            "version": "==2.5.2"
        },
        "pypiwin32": {
            "hashes": [
                "sha256:67adf399debc1d5d14dffc1ab5acacb800da569754fafdc576b2a039485aa775",
                "sha256:71be40c1fbd28594214ecaecb58e7aa8b708eabfa0125c8a109ebd51edbd776a"
            ],
            "index": "pypi",
            "version": "==223"
        },
        "pywin32": {
            "hashes": [
                "sha256:300a2db938e98c3e7e2093e4491439e62287d0d493fe07cce110db070b54c0be",
                "sha256:31f88a89139cb2adc40f8f0e65ee56a8c585f629974f9e07622ba80199057511",
                "sha256:371fcc39416d736401f0274dd64c2302728c9e034808e37381b5e1b22be4a6b0",
                "sha256:47a3c7551376a865dd8d095a98deba954a98f326c6fe3c72d8726ca6e6b15507",
                "sha256:4cdad3e84191194ea6d0dd1b1b9bdda574ff563177d2adf2b4efec2a244fa116",
                "sha256:7c1ae32c489dc012930787f06244426f8356e129184a02c25aef163917ce158e",
                "sha256:7f18199fbf29ca99dff10e1f09451582ae9e372a892ff03a28528a24d55875bc",
                "sha256:9b31e009564fb95db160f154e2aa195ed66bcc4c058ed72850d047141b36f3a2",
                "sha256:a929a4af626e530383a579431b70e512e736e9588106715215bf685a3ea508d4",
                "sha256:c054c52ba46e7eb6b7d7dfae4dbd987a1bb48ee86debe3f245a2884ece46e295",
                "sha256:f27cec5e7f588c3d1051651830ecc00294f90728d19c3bf6916e6dba93ea357c",
                "sha256:f4c5be1a293bae0076d93c88f37ee8da68136744588bc5e2be2f299a34ceb7aa"
            ],
            "index": "pypi",
            "version": "==227"
        },
        "requests": {
            "hashes": [
                "sha256:11e007a8a2aa0323f5a921e9e6a2d7e4e67d9877e85773fba9ba6419025cbeb4",
                "sha256:9cf5292fcd0f598c671cfc1e0d7d1a7f13bb8085e9a590f48c010551dc6c4b31"
            ],
            "index": "pypi",
            "version": "==2.22.0"
        },
        "urllib3": {
            "hashes": [
                "sha256:a8a318824cc77d1fd4b2bec2ded92646630d7fe8619497b142c84a9e6f5a7293",
                "sha256:f3c5fd51747d450d4dcf6f923c81f78f811aab8205fda64b0aba34a4e48b0745"
            ],
            "index": "pypi",
            "version": "==1.25.7"
        }
    },
    "develop": {}
}
